
Microsoft Visual Studio Solution File, Format Version 12.00
# Visual Studio Version 17
VisualStudioVersion = 17.6.33815.320
MinimumVisualStudioVersion = 10.0.40219.1
Project("{FAE04EC0-301F-11D3-BF4B-00C04F79EFBC}") = "Schoolmanagementsystem", "Schoolmanagementsystem\Schoolmanagementsystem.csproj", "{008A3C2E-EFAF-41D7-8C00-DB9DB3A9F62D}"
EndProject
Global
	GlobalSection(SolutionConfigurationPlatforms) = preSolution
		Debug|Any CPU = Debug|Any CPU
		Release|Any CPU = Release|Any CPU
	EndGlobalSection
	GlobalSection(ProjectConfigurationPlatforms) = postSolution
		{008A3C2E-EFAF-41D7-8C00-DB9DB3A9F62D}.Debug|Any CPU.ActiveCfg = Debug|Any CPU
		{008A3C2E-EFAF-41D7-8C00-DB9DB3A9F62D}.Debug|Any CPU.Build.0 = Debug|Any CPU
		{008A3C2E-EFAF-41D7-8C00-DB9DB3A9F62D}.Release|Any CPU.ActiveCfg = Release|Any CPU
		{008A3C2E-EFAF-41D7-8C00-DB9DB3A9F62D}.Release|Any CPU.Build.0 = Release|Any CPU
	EndGlobalSection
	GlobalSection(SolutionProperties) = preSolution
		HideSolutionNode = FALSE
	EndGlobalSection
	GlobalSection(ExtensibilityGlobals) = postSolution
		SolutionGuid = {383E913C-06D1-44B4-9E2E-03C2225CF33F}
	EndGlobalSection
EndGlobal
